// !$*UTF8*$!
{
	archiveVersion = 1;
	classes = {
	};
	objectVersion = 56;
	objects = {

/* Begin PBXBuildFile section */
		FA3E434829B0F43F00535A89 /* RMSettingsViewController.swift in Sources */ = {isa = PBXBuildFile; fileRef = FA3E434329B0F43F00535A89 /* RMSettingsViewController.swift */; };
		FA3E434929B0F43F00535A89 /* RMCharacterViewController.swift in Sources */ = {isa = PBXBuildFile; fileRef = FA3E434429B0F43F00535A89 /* RMCharacterViewController.swift */; };
		FA3E434A29B0F43F00535A89 /* RMEpisodeViewController.swift in Sources */ = {isa = PBXBuildFile; fileRef = FA3E434529B0F43F00535A89 /* RMEpisodeViewController.swift */; };
		FA3E434B29B0F43F00535A89 /* RMTabViewController.swiftRMViewController.swift in Sources */ = {isa = PBXBuildFile; fileRef = FA3E434629B0F43F00535A89 /* RMTabViewController.swiftRMViewController.swift */; };
		FA3E434C29B0F43F00535A89 /* RMLocationViewController.swift in Sources */ = {isa = PBXBuildFile; fileRef = FA3E434729B0F43F00535A89 /* RMLocationViewController.swift */; };
		FA3E435329B0F44E00535A89 /* Assets.xcassets in Resources */ = {isa = PBXBuildFile; fileRef = FA3E434E29B0F44D00535A89 /* Assets.xcassets */; };
		FA3E435429B0F44E00535A89 /* LaunchScreen.storyboard in Resources */ = {isa = PBXBuildFile; fileRef = FA3E434F29B0F44D00535A89 /* LaunchScreen.storyboard */; };
		FA3E435529B0F44E00535A89 /* AppDelegate.swift in Sources */ = {isa = PBXBuildFile; fileRef = FA3E435129B0F44D00535A89 /* AppDelegate.swift */; };
		FA3E435629B0F44E00535A89 /* SceneDelegate.swift in Sources */ = {isa = PBXBuildFile; fileRef = FA3E435229B0F44D00535A89 /* SceneDelegate.swift */; };
		FA3E435E29B0F47B00535A89 /* RMCharacter.swift in Sources */ = {isa = PBXBuildFile; fileRef = FA3E435A29B0F47B00535A89 /* RMCharacter.swift */; };
		FA3E435F29B0F47B00535A89 /* RMLocation.swift in Sources */ = {isa = PBXBuildFile; fileRef = FA3E435B29B0F47B00535A89 /* RMLocation.swift */; };
		FA3E436029B0F47B00535A89 /* RMEpisode.swift in Sources */ = {isa = PBXBuildFile; fileRef = FA3E435C29B0F47B00535A89 /* RMEpisode.swift */; };
		FA3E436229B0FA3600535A89 /* RMService.swift in Sources */ = {isa = PBXBuildFile; fileRef = FA3E436129B0FA3600535A89 /* RMService.swift */; };
		FA3E436429B0FA4500535A89 /* RMRequest.swift in Sources */ = {isa = PBXBuildFile; fileRef = FA3E436329B0FA4500535A89 /* RMRequest.swift */; };
		FA3E436629B0FAFC00535A89 /* RMEndpoint.swift in Sources */ = {isa = PBXBuildFile; fileRef = FA3E436529B0FAFC00535A89 /* RMEndpoint.swift */; };
		FA3E436829B1942700535A89 /* RMOrigin.swift in Sources */ = {isa = PBXBuildFile; fileRef = FA3E436729B1942700535A89 /* RMOrigin.swift */; };
		FA3E436A29B1949300535A89 /* RMSingleLocation.swift in Sources */ = {isa = PBXBuildFile; fileRef = FA3E436929B1949300535A89 /* RMSingleLocation.swift */; };
		FA3E436C29B1965D00535A89 /* RMCharacterStatus.swift in Sources */ = {isa = PBXBuildFile; fileRef = FA3E436B29B1965D00535A89 /* RMCharacterStatus.swift */; };
		FA3E436E29B1967E00535A89 /* RMCharacterGender.swift in Sources */ = {isa = PBXBuildFile; fileRef = FA3E436D29B1967E00535A89 /* RMCharacterGender.swift */; };
/* End PBXBuildFile section */

/* Begin PBXFileReference section */
		FA3E432929B0F3A800535A89 /* RickAndMorty.app */ = {isa = PBXFileReference; explicitFileType = wrapper.application; includeInIndex = 0; path = RickAndMorty.app; sourceTree = BUILT_PRODUCTS_DIR; };
		FA3E433A29B0F3A900535A89 /* Info.plist */ = {isa = PBXFileReference; lastKnownFileType = text.plist.xml; path = Info.plist; sourceTree = "<group>"; };
		FA3E434329B0F43F00535A89 /* RMSettingsViewController.swift */ = {isa = PBXFileReference; fileEncoding = 4; lastKnownFileType = sourcecode.swift; path = RMSettingsViewController.swift; sourceTree = "<group>"; };
		FA3E434429B0F43F00535A89 /* RMCharacterViewController.swift */ = {isa = PBXFileReference; fileEncoding = 4; lastKnownFileType = sourcecode.swift; path = RMCharacterViewController.swift; sourceTree = "<group>"; };
		FA3E434529B0F43F00535A89 /* RMEpisodeViewController.swift */ = {isa = PBXFileReference; fileEncoding = 4; lastKnownFileType = sourcecode.swift; path = RMEpisodeViewController.swift; sourceTree = "<group>"; };
		FA3E434629B0F43F00535A89 /* RMTabViewController.swiftRMViewController.swift */ = {isa = PBXFileReference; fileEncoding = 4; lastKnownFileType = sourcecode.swift; path = RMTabViewController.swiftRMViewController.swift; sourceTree = "<group>"; };
		FA3E434729B0F43F00535A89 /* RMLocationViewController.swift */ = {isa = PBXFileReference; fileEncoding = 4; lastKnownFileType = sourcecode.swift; path = RMLocationViewController.swift; sourceTree = "<group>"; };
		FA3E434E29B0F44D00535A89 /* Assets.xcassets */ = {isa = PBXFileReference; lastKnownFileType = folder.assetcatalog; path = Assets.xcassets; sourceTree = "<group>"; };
		FA3E435029B0F44D00535A89 /* Base */ = {isa = PBXFileReference; lastKnownFileType = file.storyboard; name = Base; path = Base.lproj/LaunchScreen.storyboard; sourceTree = "<group>"; };
		FA3E435129B0F44D00535A89 /* AppDelegate.swift */ = {isa = PBXFileReference; fileEncoding = 4; lastKnownFileType = sourcecode.swift; path = AppDelegate.swift; sourceTree = "<group>"; };
		FA3E435229B0F44D00535A89 /* SceneDelegate.swift */ = {isa = PBXFileReference; fileEncoding = 4; lastKnownFileType = sourcecode.swift; path = SceneDelegate.swift; sourceTree = "<group>"; };
		FA3E435A29B0F47B00535A89 /* RMCharacter.swift */ = {isa = PBXFileReference; fileEncoding = 4; lastKnownFileType = sourcecode.swift; path = RMCharacter.swift; sourceTree = "<group>"; };
		FA3E435B29B0F47B00535A89 /* RMLocation.swift */ = {isa = PBXFileReference; fileEncoding = 4; lastKnownFileType = sourcecode.swift; path = RMLocation.swift; sourceTree = "<group>"; };
		FA3E435C29B0F47B00535A89 /* RMEpisode.swift */ = {isa = PBXFileReference; fileEncoding = 4; lastKnownFileType = sourcecode.swift; path = RMEpisode.swift; sourceTree = "<group>"; };
		FA3E436129B0FA3600535A89 /* RMService.swift */ = {isa = PBXFileReference; lastKnownFileType = sourcecode.swift; path = RMService.swift; sourceTree = "<group>"; };
		FA3E436329B0FA4500535A89 /* RMRequest.swift */ = {isa = PBXFileReference; lastKnownFileType = sourcecode.swift; path = RMRequest.swift; sourceTree = "<group>"; };
		FA3E436529B0FAFC00535A89 /* RMEndpoint.swift */ = {isa = PBXFileReference; lastKnownFileType = sourcecode.swift; path = RMEndpoint.swift; sourceTree = "<group>"; };
		FA3E436729B1942700535A89 /* RMOrigin.swift */ = {isa = PBXFileReference; lastKnownFileType = sourcecode.swift; path = RMOrigin.swift; sourceTree = "<group>"; };
		FA3E436929B1949300535A89 /* RMSingleLocation.swift */ = {isa = PBXFileReference; lastKnownFileType = sourcecode.swift; path = RMSingleLocation.swift; sourceTree = "<group>"; };
		FA3E436B29B1965D00535A89 /* RMCharacterStatus.swift */ = {isa = PBXFileReference; lastKnownFileType = sourcecode.swift; path = RMCharacterStatus.swift; sourceTree = "<group>"; };
		FA3E436D29B1967E00535A89 /* RMCharacterGender.swift */ = {isa = PBXFileReference; lastKnownFileType = sourcecode.swift; path = RMCharacterGender.swift; sourceTree = "<group>"; };
/* End PBXFileReference section */

/* Begin PBXFrameworksBuildPhase section */
		FA3E432629B0F3A800535A89 /* Frameworks */ = {
			isa = PBXFrameworksBuildPhase;
			buildActionMask = 2147483647;
			files = (
			);
			runOnlyForDeploymentPostprocessing = 0;
		};
/* End PBXFrameworksBuildPhase section */

/* Begin PBXGroup section */
		FA3E432029B0F3A800535A89 = {
			isa = PBXGroup;
			children = (
				FA3E432B29B0F3A800535A89 /* RickAndMorty */,
				FA3E432A29B0F3A800535A89 /* Products */,
			);
			sourceTree = "<group>";
		};
		FA3E432A29B0F3A800535A89 /* Products */ = {
			isa = PBXGroup;
			children = (
				FA3E432929B0F3A800535A89 /* RickAndMorty.app */,
			);
			name = Products;
			sourceTree = "<group>";
		};
		FA3E432B29B0F3A800535A89 /* RickAndMorty */ = {
			isa = PBXGroup;
			children = (
				FA3E435829B0F47B00535A89 /* Managers */,
				FA3E435929B0F47B00535A89 /* Models */,
				FA3E435D29B0F47B00535A89 /* Views */,
				FA3E435729B0F45700535A89 /* ViewModels */,
				FA3E434D29B0F44D00535A89 /* Resources */,
				FA3E434129B0F43F00535A89 /* Controllers */,
				FA3E434029B0F42B00535A89 /* APIClient */,
				FA3E433A29B0F3A900535A89 /* Info.plist */,
			);
			path = RickAndMorty;
			sourceTree = "<group>";
		};
		FA3E434029B0F42B00535A89 /* APIClient */ = {
			isa = PBXGroup;
			children = (
				FA3E436129B0FA3600535A89 /* RMService.swift */,
				FA3E436329B0FA4500535A89 /* RMRequest.swift */,
				FA3E436529B0FAFC00535A89 /* RMEndpoint.swift */,
			);
			path = APIClient;
			sourceTree = "<group>";
		};
		FA3E434129B0F43F00535A89 /* Controllers */ = {
			isa = PBXGroup;
			children = (
				FA3E434229B0F43F00535A89 /* Core */,
			);
			path = Controllers;
			sourceTree = "<group>";
		};
		FA3E434229B0F43F00535A89 /* Core */ = {
			isa = PBXGroup;
			children = (
				FA3E434329B0F43F00535A89 /* RMSettingsViewController.swift */,
				FA3E434429B0F43F00535A89 /* RMCharacterViewController.swift */,
				FA3E434529B0F43F00535A89 /* RMEpisodeViewController.swift */,
				FA3E434629B0F43F00535A89 /* RMTabViewController.swiftRMViewController.swift */,
				FA3E434729B0F43F00535A89 /* RMLocationViewController.swift */,
			);
			path = Core;
			sourceTree = "<group>";
		};
		FA3E434D29B0F44D00535A89 /* Resources */ = {
			isa = PBXGroup;
			children = (
				FA3E434E29B0F44D00535A89 /* Assets.xcassets */,
				FA3E434F29B0F44D00535A89 /* LaunchScreen.storyboard */,
				FA3E435129B0F44D00535A89 /* AppDelegate.swift */,
				FA3E435229B0F44D00535A89 /* SceneDelegate.swift */,
			);
			path = Resources;
			sourceTree = "<group>";
		};
		FA3E435729B0F45700535A89 /* ViewModels */ = {
			isa = PBXGroup;
			children = (
			);
			path = ViewModels;
			sourceTree = "<group>";
		};
		FA3E435829B0F47B00535A89 /* Managers */ = {
			isa = PBXGroup;
			children = (
			);
			path = Managers;
			sourceTree = "<group>";
		};
		FA3E435929B0F47B00535A89 /* Models */ = {
			isa = PBXGroup;
			children = (
				FA3E435A29B0F47B00535A89 /* RMCharacter.swift */,
				FA3E435B29B0F47B00535A89 /* RMLocation.swift */,
				FA3E435C29B0F47B00535A89 /* RMEpisode.swift */,
				FA3E436729B1942700535A89 /* RMOrigin.swift */,
				FA3E436929B1949300535A89 /* RMSingleLocation.swift */,
				FA3E436B29B1965D00535A89 /* RMCharacterStatus.swift */,
				FA3E436D29B1967E00535A89 /* RMCharacterGender.swift */,
			);
			path = Models;
			sourceTree = "<group>";
		};
		FA3E435D29B0F47B00535A89 /* Views */ = {
			isa = PBXGroup;
			children = (
			);
			path = Views;
			sourceTree = "<group>";
		};
/* End PBXGroup section */

/* Begin PBXNativeTarget section */
		FA3E432829B0F3A800535A89 /* RickAndMorty */ = {
			isa = PBXNativeTarget;
			buildConfigurationList = FA3E433D29B0F3A900535A89 /* Build configuration list for PBXNativeTarget "RickAndMorty" */;
			buildPhases = (
				FA3E432529B0F3A800535A89 /* Sources */,
				FA3E432629B0F3A800535A89 /* Frameworks */,
				FA3E432729B0F3A800535A89 /* Resources */,
			);
			buildRules = (
			);
			dependencies = (
			);
			name = RickAndMorty;
			productName = RickAndMorty;
			productReference = FA3E432929B0F3A800535A89 /* RickAndMorty.app */;
			productType = "com.apple.product-type.application";
		};
/* End PBXNativeTarget section */

/* Begin PBXProject section */
		FA3E432129B0F3A800535A89 /* Project object */ = {
			isa = PBXProject;
			attributes = {
				BuildIndependentTargetsInParallel = 1;
				LastSwiftUpdateCheck = 1420;
				LastUpgradeCheck = 1420;
				TargetAttributes = {
					FA3E432829B0F3A800535A89 = {
						CreatedOnToolsVersion = 14.2;
					};
				};
			};
			buildConfigurationList = FA3E432429B0F3A800535A89 /* Build configuration list for PBXProject "RickAndMorty" */;
			compatibilityVersion = "Xcode 14.0";
			developmentRegion = en;
			hasScannedForEncodings = 0;
			knownRegions = (
				en,
				Base,
			);
			mainGroup = FA3E432029B0F3A800535A89;
			productRefGroup = FA3E432A29B0F3A800535A89 /* Products */;
			projectDirPath = "";
			projectRoot = "";
			targets = (
				FA3E432829B0F3A800535A89 /* RickAndMorty */,
			);
		};
/* End PBXProject section */

/* Begin PBXResourcesBuildPhase section */
		FA3E432729B0F3A800535A89 /* Resources */ = {
			isa = PBXResourcesBuildPhase;
			buildActionMask = 2147483647;
			files = (
				FA3E435429B0F44E00535A89 /* LaunchScreen.storyboard in Resources */,
				FA3E435329B0F44E00535A89 /* Assets.xcassets in Resources */,
			);
			runOnlyForDeploymentPostprocessing = 0;
		};
/* End PBXResourcesBuildPhase section */

/* Begin PBXSourcesBuildPhase section */
		FA3E432529B0F3A800535A89 /* Sources */ = {
			isa = PBXSourcesBuildPhase;
			buildActionMask = 2147483647;
			files = (
				FA3E436829B1942700535A89 /* RMOrigin.swift in Sources */,
				FA3E436A29B1949300535A89 /* RMSingleLocation.swift in Sources */,
				FA3E436C29B1965D00535A89 /* RMCharacterStatus.swift in Sources */,
				FA3E436E29B1967E00535A89 /* RMCharacterGender.swift in Sources */,
				FA3E435E29B0F47B00535A89 /* RMCharacter.swift in Sources */,
				FA3E434C29B0F43F00535A89 /* RMLocationViewController.swift in Sources */,
				FA3E436029B0F47B00535A89 /* RMEpisode.swift in Sources */,
				FA3E434929B0F43F00535A89 /* RMCharacterViewController.swift in Sources */,
				FA3E434829B0F43F00535A89 /* RMSettingsViewController.swift in Sources */,
				FA3E435F29B0F47B00535A89 /* RMLocation.swift in Sources */,
				FA3E435529B0F44E00535A89 /* AppDelegate.swift in Sources */,
				FA3E436229B0FA3600535A89 /* RMService.swift in Sources */,
				FA3E435629B0F44E00535A89 /* SceneDelegate.swift in Sources */,
				FA3E436629B0FAFC00535A89 /* RMEndpoint.swift in Sources */,
				FA3E434A29B0F43F00535A89 /* RMEpisodeViewController.swift in Sources */,
				FA3E436429B0FA4500535A89 /* RMRequest.swift in Sources */,
				FA3E434B29B0F43F00535A89 /* RMTabViewController.swiftRMViewController.swift in Sources */,
			);
			runOnlyForDeploymentPostprocessing = 0;
		};
/* End PBXSourcesBuildPhase section */

/* Begin PBXVariantGroup section */
		FA3E434F29B0F44D00535A89 /* LaunchScreen.storyboard */ = {
			isa = PBXVariantGroup;
			children = (
				FA3E435029B0F44D00535A89 /* Base */,
			);
			name = LaunchScreen.storyboard;
			sourceTree = "<group>";
		};
/* End PBXVariantGroup section */

/* Begin XCBuildConfiguration section */
		FA3E433B29B0F3A900535A89 /* Debug */ = {
			isa = XCBuildConfiguration;
			buildSettings = {
				ALWAYS_SEARCH_USER_PATHS = NO;
				CLANG_ANALYZER_NONNULL = YES;
				CLANG_ANALYZER_NUMBER_OBJECT_CONVERSION = YES_AGGRESSIVE;
				CLANG_CXX_LANGUAGE_STANDARD = "gnu++20";
				CLANG_ENABLE_MODULES = YES;
				CLANG_ENABLE_OBJC_ARC = YES;
				CLANG_ENABLE_OBJC_WEAK = YES;
				CLANG_WARN_BLOCK_CAPTURE_AUTORELEASING = YES;
				CLANG_WARN_BOOL_CONVERSION = YES;
				CLANG_WARN_COMMA = YES;
				CLANG_WARN_CONSTANT_CONVERSION = YES;
				CLANG_WARN_DEPRECATED_OBJC_IMPLEMENTATIONS = YES;
				CLANG_WARN_DIRECT_OBJC_ISA_USAGE = YES_ERROR;
				CLANG_WARN_DOCUMENTATION_COMMENTS = YES;
				CLANG_WARN_EMPTY_BODY = YES;
				CLANG_WARN_ENUM_CONVERSION = YES;
				CLANG_WARN_INFINITE_RECURSION = YES;
				CLANG_WARN_INT_CONVERSION = YES;
				CLANG_WARN_NON_LITERAL_NULL_CONVERSION = YES;
				CLANG_WARN_OBJC_IMPLICIT_RETAIN_SELF = YES;
				CLANG_WARN_OBJC_LITERAL_CONVERSION = YES;
				CLANG_WARN_OBJC_ROOT_CLASS = YES_ERROR;
				CLANG_WARN_QUOTED_INCLUDE_IN_FRAMEWORK_HEADER = YES;
				CLANG_WARN_RANGE_LOOP_ANALYSIS = YES;
				CLANG_WARN_STRICT_PROTOTYPES = YES;
				CLANG_WARN_SUSPICIOUS_MOVE = YES;
				CLANG_WARN_UNGUARDED_AVAILABILITY = YES_AGGRESSIVE;
				CLANG_WARN_UNREACHABLE_CODE = YES;
				CLANG_WARN__DUPLICATE_METHOD_MATCH = YES;
				COPY_PHASE_STRIP = NO;
				DEBUG_INFORMATION_FORMAT = dwarf;
				ENABLE_STRICT_OBJC_MSGSEND = YES;
				ENABLE_TESTABILITY = YES;
				GCC_C_LANGUAGE_STANDARD = gnu11;
				GCC_DYNAMIC_NO_PIC = NO;
				GCC_NO_COMMON_BLOCKS = YES;
				GCC_OPTIMIZATION_LEVEL = 0;
				GCC_PREPROCESSOR_DEFINITIONS = (
					"DEBUG=1",
					"$(inherited)",
				);
				GCC_WARN_64_TO_32_BIT_CONVERSION = YES;
				GCC_WARN_ABOUT_RETURN_TYPE = YES_ERROR;
				GCC_WARN_UNDECLARED_SELECTOR = YES;
				GCC_WARN_UNINITIALIZED_AUTOS = YES_AGGRESSIVE;
				GCC_WARN_UNUSED_FUNCTION = YES;
				GCC_WARN_UNUSED_VARIABLE = YES;
				IPHONEOS_DEPLOYMENT_TARGET = 16.2;
				MTL_ENABLE_DEBUG_INFO = INCLUDE_SOURCE;
				MTL_FAST_MATH = YES;
				ONLY_ACTIVE_ARCH = YES;
				SDKROOT = iphoneos;
				SWIFT_ACTIVE_COMPILATION_CONDITIONS = DEBUG;
				SWIFT_OPTIMIZATION_LEVEL = "-Onone";
			};
			name = Debug;
		};
		FA3E433C29B0F3A900535A89 /* Release */ = {
			isa = XCBuildConfiguration;
			buildSettings = {
				ALWAYS_SEARCH_USER_PATHS = NO;
				CLANG_ANALYZER_NONNULL = YES;
				CLANG_ANALYZER_NUMBER_OBJECT_CONVERSION = YES_AGGRESSIVE;
				CLANG_CXX_LANGUAGE_STANDARD = "gnu++20";
				CLANG_ENABLE_MODULES = YES;
				CLANG_ENABLE_OBJC_ARC = YES;
				CLANG_ENABLE_OBJC_WEAK = YES;
				CLANG_WARN_BLOCK_CAPTURE_AUTORELEASING = YES;
				CLANG_WARN_BOOL_CONVERSION = YES;
				CLANG_WARN_COMMA = YES;
				CLANG_WARN_CONSTANT_CONVERSION = YES;
				CLANG_WARN_DEPRECATED_OBJC_IMPLEMENTATIONS = YES;
				CLANG_WARN_DIRECT_OBJC_ISA_USAGE = YES_ERROR;
				CLANG_WARN_DOCUMENTATION_COMMENTS = YES;
				CLANG_WARN_EMPTY_BODY = YES;
				CLANG_WARN_ENUM_CONVERSION = YES;
				CLANG_WARN_INFINITE_RECURSION = YES;
				CLANG_WARN_INT_CONVERSION = YES;
				CLANG_WARN_NON_LITERAL_NULL_CONVERSION = YES;
				CLANG_WARN_OBJC_IMPLICIT_RETAIN_SELF = YES;
				CLANG_WARN_OBJC_LITERAL_CONVERSION = YES;
				CLANG_WARN_OBJC_ROOT_CLASS = YES_ERROR;
				CLANG_WARN_QUOTED_INCLUDE_IN_FRAMEWORK_HEADER = YES;
				CLANG_WARN_RANGE_LOOP_ANALYSIS = YES;
				CLANG_WARN_STRICT_PROTOTYPES = YES;
				CLANG_WARN_SUSPICIOUS_MOVE = YES;
				CLANG_WARN_UNGUARDED_AVAILABILITY = YES_AGGRESSIVE;
				CLANG_WARN_UNREACHABLE_CODE = YES;
				CLANG_WARN__DUPLICATE_METHOD_MATCH = YES;
				COPY_PHASE_STRIP = NO;
				DEBUG_INFORMATION_FORMAT = "dwarf-with-dsym";
				ENABLE_NS_ASSERTIONS = NO;
				ENABLE_STRICT_OBJC_MSGSEND = YES;
				GCC_C_LANGUAGE_STANDARD = gnu11;
				GCC_NO_COMMON_BLOCKS = YES;
				GCC_WARN_64_TO_32_BIT_CONVERSION = YES;
				GCC_WARN_ABOUT_RETURN_TYPE = YES_ERROR;
				GCC_WARN_UNDECLARED_SELECTOR = YES;
				GCC_WARN_UNINITIALIZED_AUTOS = YES_AGGRESSIVE;
				GCC_WARN_UNUSED_FUNCTION = YES;
				GCC_WARN_UNUSED_VARIABLE = YES;
				IPHONEOS_DEPLOYMENT_TARGET = 16.2;
				MTL_ENABLE_DEBUG_INFO = NO;
				MTL_FAST_MATH = YES;
				SDKROOT = iphoneos;
				SWIFT_COMPILATION_MODE = wholemodule;
				SWIFT_OPTIMIZATION_LEVEL = "-O";
				VALIDATE_PRODUCT = YES;
			};
			name = Release;
		};
		FA3E433E29B0F3A900535A89 /* Debug */ = {
			isa = XCBuildConfiguration;
			buildSettings = {
				ASSETCATALOG_COMPILER_APPICON_NAME = AppIcon;
				ASSETCATALOG_COMPILER_GLOBAL_ACCENT_COLOR_NAME = AccentColor;
				CODE_SIGN_STYLE = Automatic;
				CURRENT_PROJECT_VERSION = 1;
				GENERATE_INFOPLIST_FILE = YES;
				INFOPLIST_FILE = RickAndMorty/Info.plist;
				INFOPLIST_KEY_UIApplicationSupportsIndirectInputEvents = YES;
				INFOPLIST_KEY_UILaunchStoryboardName = LaunchScreen;
				INFOPLIST_KEY_UISupportedInterfaceOrientations_iPad = "UIInterfaceOrientationPortrait UIInterfaceOrientationPortraitUpsideDown UIInterfaceOrientationLandscapeLeft UIInterfaceOrientationLandscapeRight";
				INFOPLIST_KEY_UISupportedInterfaceOrientations_iPhone = "UIInterfaceOrientationPortrait UIInterfaceOrientationLandscapeLeft UIInterfaceOrientationLandscapeRight";
				LD_RUNPATH_SEARCH_PATHS = (
					"$(inherited)",
					"@executable_path/Frameworks",
				);
				MARKETING_VERSION = 1.0;
				PRODUCT_BUNDLE_IDENTIFIER = Lorenti.RickAndMorty;
				PRODUCT_NAME = "$(TARGET_NAME)";
				SWIFT_EMIT_LOC_STRINGS = YES;
				SWIFT_VERSION = 5.0;
				TARGETED_DEVICE_FAMILY = "1,2";
			};
			name = Debug;
		};
		FA3E433F29B0F3A900535A89 /* Release */ = {
			isa = XCBuildConfiguration;
			buildSettings = {
				ASSETCATALOG_COMPILER_APPICON_NAME = AppIcon;
				ASSETCATALOG_COMPILER_GLOBAL_ACCENT_COLOR_NAME = AccentColor;
				CODE_SIGN_STYLE = Automatic;
				CURRENT_PROJECT_VERSION = 1;
				GENERATE_INFOPLIST_FILE = YES;
				INFOPLIST_FILE = RickAndMorty/Info.plist;
				INFOPLIST_KEY_UIApplicationSupportsIndirectInputEvents = YES;
				INFOPLIST_KEY_UILaunchStoryboardName = LaunchScreen;
				INFOPLIST_KEY_UISupportedInterfaceOrientations_iPad = "UIInterfaceOrientationPortrait UIInterfaceOrientationPortraitUpsideDown UIInterfaceOrientationLandscapeLeft UIInterfaceOrientationLandscapeRight";
				INFOPLIST_KEY_UISupportedInterfaceOrientations_iPhone = "UIInterfaceOrientationPortrait UIInterfaceOrientationLandscapeLeft UIInterfaceOrientationLandscapeRight";
				LD_RUNPATH_SEARCH_PATHS = (
					"$(inherited)",
					"@executable_path/Frameworks",
				);
				MARKETING_VERSION = 1.0;
				PRODUCT_BUNDLE_IDENTIFIER = Lorenti.RickAndMorty;
				PRODUCT_NAME = "$(TARGET_NAME)";
				SWIFT_EMIT_LOC_STRINGS = YES;
				SWIFT_VERSION = 5.0;
				TARGETED_DEVICE_FAMILY = "1,2";
			};
			name = Release;
		};
/* End XCBuildConfiguration section */

/* Begin XCConfigurationList section */
		FA3E432429B0F3A800535A89 /* Build configuration list for PBXProject "RickAndMorty" */ = {
			isa = XCConfigurationList;
			buildConfigurations = (
				FA3E433B29B0F3A900535A89 /* Debug */,
				FA3E433C29B0F3A900535A89 /* Release */,
			);
			defaultConfigurationIsVisible = 0;
			defaultConfigurationName = Release;
		};
		FA3E433D29B0F3A900535A89 /* Build configuration list for PBXNativeTarget "RickAndMorty" */ = {
			isa = XCConfigurationList;
			buildConfigurations = (
				FA3E433E29B0F3A900535A89 /* Debug */,
				FA3E433F29B0F3A900535A89 /* Release */,
			);
			defaultConfigurationIsVisible = 0;
			defaultConfigurationName = Release;
		};
/* End XCConfigurationList section */
	};
	rootObject = FA3E432129B0F3A800535A89 /* Project object */;
}
