// !$*UTF8*$!
{
	archiveVersion = 1;
	classes = {
	};
	objectVersion = 56;
	objects = {

/* Begin PBXBuildFile section */
		FA3E434829B0F43F00535A89 /* RMSettingsViewController.swift in Sources */ = {isa = PBXBuildFile; fileRef = FA3E434329B0F43F00535A89 /* RMSettingsViewController.swift */; };
		FA3E434929B0F43F00535A89 /* RMCharacterViewController.swift in Sources */ = {isa = PBXBuildFile; fileRef = FA3E434429B0F43F00535A89 /* RMCharacterViewController.swift */; };
		FA3E434A29B0F43F00535A89 /* RMEpisodeViewController.swift in Sources */ = {isa = PBXBuildFile; fileRef = FA3E434529B0F43F00535A89 /* RMEpisodeViewController.swift */; };
		FA3E434B29B0F43F00535A89 /* RMTabViewController.swiftRMViewController.swift in Sources */ = {isa = PBXBuildFile; fileRef = FA3E434629B0F43F00535A89 /* RMTabViewController.swiftRMViewController.swift */; };
		FA3E434C29B0F43F00535A89 /* RMLocationViewController.swift in Sources */ = {isa = PBXBuildFile; fileRef = FA3E434729B0F43F00535A89 /* RMLocationViewController.swift */; };
		FA3E435329B0F44E00535A89 /* Assets.xcassets in Resources */ = {isa = PBXBuildFile; fileRef = FA3E434E29B0F44D00535A89 /* Assets.xcassets */; };
		FA3E435429B0F44E00535A89 /* LaunchScreen.storyboard in Resources */ = {isa = PBXBuildFile; fileRef = FA3E434F29B0F44D00535A89 /* LaunchScreen.storyboard */; };
		FA3E435529B0F44E00535A89 /* AppDelegate.swift in Sources */ = {isa = PBXBuildFile; fileRef = FA3E435129B0F44D00535A89 /* AppDelegate.swift */; };
		FA3E435629B0F44E00535A89 /* SceneDelegate.swift in Sources */ = {isa = PBXBuildFile; fileRef = FA3E435229B0F44D00535A89 /* SceneDelegate.swift */; };
		FA3E436229B0FA3600535A89 /* RMService.swift in Sources */ = {isa = PBXBuildFile; fileRef = FA3E436129B0FA3600535A89 /* RMService.swift */; };
		FA3E436429B0FA4500535A89 /* RMRequest.swift in Sources */ = {isa = PBXBuildFile; fileRef = FA3E436329B0FA4500535A89 /* RMRequest.swift */; };
		FA3E436629B0FAFC00535A89 /* RMEndpoint.swift in Sources */ = {isa = PBXBuildFile; fileRef = FA3E436529B0FAFC00535A89 /* RMEndpoint.swift */; };
		FA6336E129CA094C006EE27A /* RMSettingsViewViewModel.swift in Sources */ = {isa = PBXBuildFile; fileRef = FA6336E029CA094C006EE27A /* RMSettingsViewViewModel.swift */; };
		FA6336E329CA09DC006EE27A /* RMSettingsCellViewModel.swift in Sources */ = {isa = PBXBuildFile; fileRef = FA6336E229CA09DC006EE27A /* RMSettingsCellViewModel.swift */; };
		FA6336E529CA0A9F006EE27A /* RMSettingsOption.swift in Sources */ = {isa = PBXBuildFile; fileRef = FA6336E429CA0A9F006EE27A /* RMSettingsOption.swift */; };
		FA6697F629B2623300B90C71 /* RMOrigin.swift in Sources */ = {isa = PBXBuildFile; fileRef = FA6697EF29B2623300B90C71 /* RMOrigin.swift */; };
		FA6697F729B2623300B90C71 /* RMCharacter.swift in Sources */ = {isa = PBXBuildFile; fileRef = FA6697F029B2623300B90C71 /* RMCharacter.swift */; };
		FA6697F829B2623300B90C71 /* RMCharacterStatus.swift in Sources */ = {isa = PBXBuildFile; fileRef = FA6697F129B2623300B90C71 /* RMCharacterStatus.swift */; };
		FA6697F929B2623300B90C71 /* RMLocation.swift in Sources */ = {isa = PBXBuildFile; fileRef = FA6697F229B2623300B90C71 /* RMLocation.swift */; };
		FA6697FA29B2623300B90C71 /* RMEpisode.swift in Sources */ = {isa = PBXBuildFile; fileRef = FA6697F329B2623300B90C71 /* RMEpisode.swift */; };
		FA6697FB29B2623300B90C71 /* RMCharacterGender.swift in Sources */ = {isa = PBXBuildFile; fileRef = FA6697F429B2623300B90C71 /* RMCharacterGender.swift */; };
		FA6697FC29B2623300B90C71 /* RMSingleLocation.swift in Sources */ = {isa = PBXBuildFile; fileRef = FA6697F529B2623300B90C71 /* RMSingleLocation.swift */; };
		FA66980029B262D700B90C71 /* RMGetAllCharacterResponse.swift in Sources */ = {isa = PBXBuildFile; fileRef = FA6697FF29B262D700B90C71 /* RMGetAllCharacterResponse.swift */; };
		FA66980229B27E9C00B90C71 /* RMCharacterListViewViewModel.swift in Sources */ = {isa = PBXBuildFile; fileRef = FA66980129B27E9C00B90C71 /* RMCharacterListViewViewModel.swift */; };
		FA66980429B27F3F00B90C71 /* RMCharacterListView.swift in Sources */ = {isa = PBXBuildFile; fileRef = FA66980329B27F3F00B90C71 /* RMCharacterListView.swift */; };
		FA66980629B284F800B90C71 /* Extensions.swift in Sources */ = {isa = PBXBuildFile; fileRef = FA66980529B284F800B90C71 /* Extensions.swift */; };
		FA66980829B2C31F00B90C71 /* RMCharacterCollectionViewCell.swift in Sources */ = {isa = PBXBuildFile; fileRef = FA66980729B2C31F00B90C71 /* RMCharacterCollectionViewCell.swift */; };
		FA66980A29B2C5A500B90C71 /* RMCharacterCollectionViewCellViewModel.swift in Sources */ = {isa = PBXBuildFile; fileRef = FA66980929B2C5A500B90C71 /* RMCharacterCollectionViewCellViewModel.swift */; };
		FA69097629C8B0AC00F59C3C /* RMEpisodeInfoCollectionViewCell.swift in Sources */ = {isa = PBXBuildFile; fileRef = FA69097529C8B0AC00F59C3C /* RMEpisodeInfoCollectionViewCell.swift */; };
		FA69097B29C8B20400F59C3C /* RMEpisodeInfoCollectionViewCellViewModel.swift in Sources */ = {isa = PBXBuildFile; fileRef = FA69097A29C8B20400F59C3C /* RMEpisodeInfoCollectionViewCellViewModel.swift */; };
		FA779A7529C22ADC0071AA6B /* RMSearchViewController.swift in Sources */ = {isa = PBXBuildFile; fileRef = FA779A7429C22ADC0071AA6B /* RMSearchViewController.swift */; };
		FA80BF6429BFFC1600779AFD /* RMAPICacheManager.swift in Sources */ = {isa = PBXBuildFile; fileRef = FA80BF6329BFFC1600779AFD /* RMAPICacheManager.swift */; };
		FA80BF6629C0042300779AFD /* RMEpisodeDetailViewViewModel.swift in Sources */ = {isa = PBXBuildFile; fileRef = FA80BF6529C0042300779AFD /* RMEpisodeDetailViewViewModel.swift */; };
		FA80BF7329C00B5D00779AFD /* RMCharacterPhotoCollectionViewCell.swift in Sources */ = {isa = PBXBuildFile; fileRef = FA80BF6F29C00B5D00779AFD /* RMCharacterPhotoCollectionViewCell.swift */; };
		FA80BF7529C00B5D00779AFD /* RMCharacterInfoCollectionViewCell.swift in Sources */ = {isa = PBXBuildFile; fileRef = FA80BF7129C00B5D00779AFD /* RMCharacterInfoCollectionViewCell.swift */; };
		FA80BF7629C00B5D00779AFD /* RMCharacterEpisodeCollectionViewCell.swift in Sources */ = {isa = PBXBuildFile; fileRef = FA80BF7229C00B5D00779AFD /* RMCharacterEpisodeCollectionViewCell.swift */; };
		FA80BF7A29C00BCD00779AFD /* RMCharacterDetailView.swift in Sources */ = {isa = PBXBuildFile; fileRef = FA80BF7929C00BCD00779AFD /* RMCharacterDetailView.swift */; };
		FA80BF7C29C00C0E00779AFD /* RMEpisodeDetailView.swift in Sources */ = {isa = PBXBuildFile; fileRef = FA80BF7B29C00C0E00779AFD /* RMEpisodeDetailView.swift */; };
		FA80BF7E29C00CDE00779AFD /* RMEpisodeListView.swift in Sources */ = {isa = PBXBuildFile; fileRef = FA80BF7D29C00CDE00779AFD /* RMEpisodeListView.swift */; };
		FA80BF8029C0115C00779AFD /* RMEpisodeListViewViewModel.swift in Sources */ = {isa = PBXBuildFile; fileRef = FA80BF7F29C0115C00779AFD /* RMEpisodeListViewViewModel.swift */; };
		FA80BF8229C014BF00779AFD /* RMGetAllEpisodesResponse.swift in Sources */ = {isa = PBXBuildFile; fileRef = FA80BF8129C014BF00779AFD /* RMGetAllEpisodesResponse.swift */; };
		FA86377B29BACA96009A1007 /* RMEpisodeDetailViewController.swift in Sources */ = {isa = PBXBuildFile; fileRef = FA86377A29BACA96009A1007 /* RMEpisodeDetailViewController.swift */; };
		FA99463629B80903006C44C9 /* RMCharacterDetailViewViewModel.swift in Sources */ = {isa = PBXBuildFile; fileRef = FA99463529B80903006C44C9 /* RMCharacterDetailViewViewModel.swift */; };
		FA99463829B80970006C44C9 /* RMCharacterPhotoCollectionViewCellViewModel.swift in Sources */ = {isa = PBXBuildFile; fileRef = FA99463729B80970006C44C9 /* RMCharacterPhotoCollectionViewCellViewModel.swift */; };
		FA99463A29B809D7006C44C9 /* RMCharacterInfoCollectionViewCellViewModel.swift in Sources */ = {isa = PBXBuildFile; fileRef = FA99463929B809D7006C44C9 /* RMCharacterInfoCollectionViewCellViewModel.swift */; };
		FA99463C29B809FD006C44C9 /* RMCharacterEpisodeCollectionViewCellViewModel.swift in Sources */ = {isa = PBXBuildFile; fileRef = FA99463B29B809FD006C44C9 /* RMCharacterEpisodeCollectionViewCellViewModel.swift */; };
		FA9D23A129B6167700AF4484 /* RMCharacterDetailViewController.swift in Sources */ = {isa = PBXBuildFile; fileRef = FA9D23A029B6167700AF4484 /* RMCharacterDetailViewController.swift */; };
		FA9D23A729B62FDC00AF4484 /* RMFooterLoadingCollectionReusableView.swift in Sources */ = {isa = PBXBuildFile; fileRef = FA9D23A629B62FDC00AF4484 /* RMFooterLoadingCollectionReusableView.swift */; };
		FA9D23A929B6A99000AF4484 /* RMImageLoader.swift in Sources */ = {isa = PBXBuildFile; fileRef = FA9D23A829B6A99000AF4484 /* RMImageLoader.swift */; };
/* End PBXBuildFile section */

/* Begin PBXFileReference section */
		FA3E432929B0F3A800535A89 /* RickAndMorty.app */ = {isa = PBXFileReference; explicitFileType = wrapper.application; includeInIndex = 0; path = RickAndMorty.app; sourceTree = BUILT_PRODUCTS_DIR; };
		FA3E433A29B0F3A900535A89 /* Info.plist */ = {isa = PBXFileReference; lastKnownFileType = text.plist.xml; path = Info.plist; sourceTree = "<group>"; };
		FA3E434329B0F43F00535A89 /* RMSettingsViewController.swift */ = {isa = PBXFileReference; fileEncoding = 4; lastKnownFileType = sourcecode.swift; path = RMSettingsViewController.swift; sourceTree = "<group>"; };
		FA3E434429B0F43F00535A89 /* RMCharacterViewController.swift */ = {isa = PBXFileReference; fileEncoding = 4; lastKnownFileType = sourcecode.swift; path = RMCharacterViewController.swift; sourceTree = "<group>"; };
		FA3E434529B0F43F00535A89 /* RMEpisodeViewController.swift */ = {isa = PBXFileReference; fileEncoding = 4; lastKnownFileType = sourcecode.swift; path = RMEpisodeViewController.swift; sourceTree = "<group>"; };
		FA3E434629B0F43F00535A89 /* RMTabViewController.swiftRMViewController.swift */ = {isa = PBXFileReference; fileEncoding = 4; lastKnownFileType = sourcecode.swift; path = RMTabViewController.swiftRMViewController.swift; sourceTree = "<group>"; };
		FA3E434729B0F43F00535A89 /* RMLocationViewController.swift */ = {isa = PBXFileReference; fileEncoding = 4; lastKnownFileType = sourcecode.swift; path = RMLocationViewController.swift; sourceTree = "<group>"; };
		FA3E434E29B0F44D00535A89 /* Assets.xcassets */ = {isa = PBXFileReference; lastKnownFileType = folder.assetcatalog; path = Assets.xcassets; sourceTree = "<group>"; };
		FA3E435029B0F44D00535A89 /* Base */ = {isa = PBXFileReference; lastKnownFileType = file.storyboard; name = Base; path = Base.lproj/LaunchScreen.storyboard; sourceTree = "<group>"; };
		FA3E435129B0F44D00535A89 /* AppDelegate.swift */ = {isa = PBXFileReference; fileEncoding = 4; lastKnownFileType = sourcecode.swift; path = AppDelegate.swift; sourceTree = "<group>"; };
		FA3E435229B0F44D00535A89 /* SceneDelegate.swift */ = {isa = PBXFileReference; fileEncoding = 4; lastKnownFileType = sourcecode.swift; path = SceneDelegate.swift; sourceTree = "<group>"; };
		FA3E436129B0FA3600535A89 /* RMService.swift */ = {isa = PBXFileReference; lastKnownFileType = sourcecode.swift; path = RMService.swift; sourceTree = "<group>"; };
		FA3E436329B0FA4500535A89 /* RMRequest.swift */ = {isa = PBXFileReference; lastKnownFileType = sourcecode.swift; path = RMRequest.swift; sourceTree = "<group>"; };
		FA3E436529B0FAFC00535A89 /* RMEndpoint.swift */ = {isa = PBXFileReference; lastKnownFileType = sourcecode.swift; path = RMEndpoint.swift; sourceTree = "<group>"; };
		FA6336E029CA094C006EE27A /* RMSettingsViewViewModel.swift */ = {isa = PBXFileReference; lastKnownFileType = sourcecode.swift; path = RMSettingsViewViewModel.swift; sourceTree = "<group>"; };
		FA6336E229CA09DC006EE27A /* RMSettingsCellViewModel.swift */ = {isa = PBXFileReference; lastKnownFileType = sourcecode.swift; path = RMSettingsCellViewModel.swift; sourceTree = "<group>"; };
		FA6336E429CA0A9F006EE27A /* RMSettingsOption.swift */ = {isa = PBXFileReference; lastKnownFileType = sourcecode.swift; path = RMSettingsOption.swift; sourceTree = "<group>"; };
		FA6697EF29B2623300B90C71 /* RMOrigin.swift */ = {isa = PBXFileReference; fileEncoding = 4; lastKnownFileType = sourcecode.swift; path = RMOrigin.swift; sourceTree = "<group>"; };
		FA6697F029B2623300B90C71 /* RMCharacter.swift */ = {isa = PBXFileReference; fileEncoding = 4; lastKnownFileType = sourcecode.swift; path = RMCharacter.swift; sourceTree = "<group>"; };
		FA6697F129B2623300B90C71 /* RMCharacterStatus.swift */ = {isa = PBXFileReference; fileEncoding = 4; lastKnownFileType = sourcecode.swift; path = RMCharacterStatus.swift; sourceTree = "<group>"; };
		FA6697F229B2623300B90C71 /* RMLocation.swift */ = {isa = PBXFileReference; fileEncoding = 4; lastKnownFileType = sourcecode.swift; path = RMLocation.swift; sourceTree = "<group>"; };
		FA6697F329B2623300B90C71 /* RMEpisode.swift */ = {isa = PBXFileReference; fileEncoding = 4; lastKnownFileType = sourcecode.swift; path = RMEpisode.swift; sourceTree = "<group>"; };
		FA6697F429B2623300B90C71 /* RMCharacterGender.swift */ = {isa = PBXFileReference; fileEncoding = 4; lastKnownFileType = sourcecode.swift; path = RMCharacterGender.swift; sourceTree = "<group>"; };
		FA6697F529B2623300B90C71 /* RMSingleLocation.swift */ = {isa = PBXFileReference; fileEncoding = 4; lastKnownFileType = sourcecode.swift; path = RMSingleLocation.swift; sourceTree = "<group>"; };
		FA6697FF29B262D700B90C71 /* RMGetAllCharacterResponse.swift */ = {isa = PBXFileReference; lastKnownFileType = sourcecode.swift; path = RMGetAllCharacterResponse.swift; sourceTree = "<group>"; };
		FA66980129B27E9C00B90C71 /* RMCharacterListViewViewModel.swift */ = {isa = PBXFileReference; lastKnownFileType = sourcecode.swift; path = RMCharacterListViewViewModel.swift; sourceTree = "<group>"; };
		FA66980329B27F3F00B90C71 /* RMCharacterListView.swift */ = {isa = PBXFileReference; lastKnownFileType = sourcecode.swift; path = RMCharacterListView.swift; sourceTree = "<group>"; };
		FA66980529B284F800B90C71 /* Extensions.swift */ = {isa = PBXFileReference; lastKnownFileType = sourcecode.swift; path = Extensions.swift; sourceTree = "<group>"; };
		FA66980729B2C31F00B90C71 /* RMCharacterCollectionViewCell.swift */ = {isa = PBXFileReference; lastKnownFileType = sourcecode.swift; path = RMCharacterCollectionViewCell.swift; sourceTree = "<group>"; };
		FA66980929B2C5A500B90C71 /* RMCharacterCollectionViewCellViewModel.swift */ = {isa = PBXFileReference; lastKnownFileType = sourcecode.swift; path = RMCharacterCollectionViewCellViewModel.swift; sourceTree = "<group>"; };
		FA69097529C8B0AC00F59C3C /* RMEpisodeInfoCollectionViewCell.swift */ = {isa = PBXFileReference; lastKnownFileType = sourcecode.swift; path = RMEpisodeInfoCollectionViewCell.swift; sourceTree = "<group>"; };
		FA69097A29C8B20400F59C3C /* RMEpisodeInfoCollectionViewCellViewModel.swift */ = {isa = PBXFileReference; lastKnownFileType = sourcecode.swift; path = RMEpisodeInfoCollectionViewCellViewModel.swift; sourceTree = "<group>"; };
		FA779A7429C22ADC0071AA6B /* RMSearchViewController.swift */ = {isa = PBXFileReference; lastKnownFileType = sourcecode.swift; path = RMSearchViewController.swift; sourceTree = "<group>"; };
		FA80BF6329BFFC1600779AFD /* RMAPICacheManager.swift */ = {isa = PBXFileReference; lastKnownFileType = sourcecode.swift; path = RMAPICacheManager.swift; sourceTree = "<group>"; };
		FA80BF6529C0042300779AFD /* RMEpisodeDetailViewViewModel.swift */ = {isa = PBXFileReference; lastKnownFileType = sourcecode.swift; path = RMEpisodeDetailViewViewModel.swift; sourceTree = "<group>"; };
		FA80BF6F29C00B5D00779AFD /* RMCharacterPhotoCollectionViewCell.swift */ = {isa = PBXFileReference; fileEncoding = 4; lastKnownFileType = sourcecode.swift; path = RMCharacterPhotoCollectionViewCell.swift; sourceTree = "<group>"; };
		FA80BF7129C00B5D00779AFD /* RMCharacterInfoCollectionViewCell.swift */ = {isa = PBXFileReference; fileEncoding = 4; lastKnownFileType = sourcecode.swift; path = RMCharacterInfoCollectionViewCell.swift; sourceTree = "<group>"; };
		FA80BF7229C00B5D00779AFD /* RMCharacterEpisodeCollectionViewCell.swift */ = {isa = PBXFileReference; fileEncoding = 4; lastKnownFileType = sourcecode.swift; path = RMCharacterEpisodeCollectionViewCell.swift; sourceTree = "<group>"; };
		FA80BF7929C00BCD00779AFD /* RMCharacterDetailView.swift */ = {isa = PBXFileReference; fileEncoding = 4; lastKnownFileType = sourcecode.swift; name = RMCharacterDetailView.swift; path = RickAndMorty/Views/RMCharacterDetailView.swift; sourceTree = SOURCE_ROOT; };
		FA80BF7B29C00C0E00779AFD /* RMEpisodeDetailView.swift */ = {isa = PBXFileReference; fileEncoding = 4; lastKnownFileType = sourcecode.swift; path = RMEpisodeDetailView.swift; sourceTree = "<group>"; };
		FA80BF7D29C00CDE00779AFD /* RMEpisodeListView.swift */ = {isa = PBXFileReference; lastKnownFileType = sourcecode.swift; path = RMEpisodeListView.swift; sourceTree = "<group>"; };
		FA80BF7F29C0115C00779AFD /* RMEpisodeListViewViewModel.swift */ = {isa = PBXFileReference; lastKnownFileType = sourcecode.swift; path = RMEpisodeListViewViewModel.swift; sourceTree = "<group>"; };
		FA80BF8129C014BF00779AFD /* RMGetAllEpisodesResponse.swift */ = {isa = PBXFileReference; lastKnownFileType = sourcecode.swift; path = RMGetAllEpisodesResponse.swift; sourceTree = "<group>"; };
		FA86377A29BACA96009A1007 /* RMEpisodeDetailViewController.swift */ = {isa = PBXFileReference; lastKnownFileType = sourcecode.swift; path = RMEpisodeDetailViewController.swift; sourceTree = "<group>"; };
		FA99463529B80903006C44C9 /* RMCharacterDetailViewViewModel.swift */ = {isa = PBXFileReference; fileEncoding = 4; lastKnownFileType = sourcecode.swift; path = RMCharacterDetailViewViewModel.swift; sourceTree = "<group>"; };
		FA99463729B80970006C44C9 /* RMCharacterPhotoCollectionViewCellViewModel.swift */ = {isa = PBXFileReference; lastKnownFileType = sourcecode.swift; path = RMCharacterPhotoCollectionViewCellViewModel.swift; sourceTree = "<group>"; };
		FA99463929B809D7006C44C9 /* RMCharacterInfoCollectionViewCellViewModel.swift */ = {isa = PBXFileReference; lastKnownFileType = sourcecode.swift; path = RMCharacterInfoCollectionViewCellViewModel.swift; sourceTree = "<group>"; };
		FA99463B29B809FD006C44C9 /* RMCharacterEpisodeCollectionViewCellViewModel.swift */ = {isa = PBXFileReference; lastKnownFileType = sourcecode.swift; path = RMCharacterEpisodeCollectionViewCellViewModel.swift; sourceTree = "<group>"; };
		FA9D23A029B6167700AF4484 /* RMCharacterDetailViewController.swift */ = {isa = PBXFileReference; lastKnownFileType = sourcecode.swift; path = RMCharacterDetailViewController.swift; sourceTree = "<group>"; };
		FA9D23A629B62FDC00AF4484 /* RMFooterLoadingCollectionReusableView.swift */ = {isa = PBXFileReference; lastKnownFileType = sourcecode.swift; path = RMFooterLoadingCollectionReusableView.swift; sourceTree = "<group>"; };
		FA9D23A829B6A99000AF4484 /* RMImageLoader.swift */ = {isa = PBXFileReference; lastKnownFileType = sourcecode.swift; path = RMImageLoader.swift; sourceTree = "<group>"; };
/* End PBXFileReference section */

/* Begin PBXFrameworksBuildPhase section */
		FA3E432629B0F3A800535A89 /* Frameworks */ = {
			isa = PBXFrameworksBuildPhase;
			buildActionMask = 2147483647;
			files = (
			);
			runOnlyForDeploymentPostprocessing = 0;
		};
/* End PBXFrameworksBuildPhase section */

/* Begin PBXGroup section */
		FA3E432029B0F3A800535A89 = {
			isa = PBXGroup;
			children = (
				FA3E432B29B0F3A800535A89 /* RickAndMorty */,
				FA3E432A29B0F3A800535A89 /* Products */,
			);
			sourceTree = "<group>";
		};
		FA3E432A29B0F3A800535A89 /* Products */ = {
			isa = PBXGroup;
			children = (
				FA3E432929B0F3A800535A89 /* RickAndMorty.app */,
			);
			name = Products;
			sourceTree = "<group>";
		};
		FA3E432B29B0F3A800535A89 /* RickAndMorty */ = {
			isa = PBXGroup;
			children = (
				FA3E435729B0F45700535A89 /* ViewModels */,
				FA6697EC29B261D400B90C71 /* Views */,
				FA3E435829B0F47B00535A89 /* Managers */,
				FA3E435929B0F47B00535A89 /* Models */,
				FA3E434D29B0F44D00535A89 /* Resources */,
				FA3E434129B0F43F00535A89 /* Controllers */,
				FA3E434029B0F42B00535A89 /* APIClient */,
				FA3E433A29B0F3A900535A89 /* Info.plist */,
			);
			path = RickAndMorty;
			sourceTree = "<group>";
		};
		FA3E434029B0F42B00535A89 /* APIClient */ = {
			isa = PBXGroup;
			children = (
				FA3E436129B0FA3600535A89 /* RMService.swift */,
				FA3E436329B0FA4500535A89 /* RMRequest.swift */,
				FA3E436529B0FAFC00535A89 /* RMEndpoint.swift */,
			);
			path = APIClient;
			sourceTree = "<group>";
		};
		FA3E434129B0F43F00535A89 /* Controllers */ = {
			isa = PBXGroup;
			children = (
				FA9D239F29B6162800AF4484 /* Other */,
				FA3E434229B0F43F00535A89 /* Core */,
			);
			path = Controllers;
			sourceTree = "<group>";
		};
		FA3E434229B0F43F00535A89 /* Core */ = {
			isa = PBXGroup;
			children = (
				FA3E434329B0F43F00535A89 /* RMSettingsViewController.swift */,
				FA3E434429B0F43F00535A89 /* RMCharacterViewController.swift */,
				FA3E434529B0F43F00535A89 /* RMEpisodeViewController.swift */,
				FA3E434629B0F43F00535A89 /* RMTabViewController.swiftRMViewController.swift */,
				FA3E434729B0F43F00535A89 /* RMLocationViewController.swift */,
			);
			path = Core;
			sourceTree = "<group>";
		};
		FA3E434D29B0F44D00535A89 /* Resources */ = {
			isa = PBXGroup;
			children = (
				FA3E434E29B0F44D00535A89 /* Assets.xcassets */,
				FA3E434F29B0F44D00535A89 /* LaunchScreen.storyboard */,
				FA3E435129B0F44D00535A89 /* AppDelegate.swift */,
				FA3E435229B0F44D00535A89 /* SceneDelegate.swift */,
				FA66980529B284F800B90C71 /* Extensions.swift */,
			);
			path = Resources;
			sourceTree = "<group>";
		};
		FA3E435729B0F45700535A89 /* ViewModels */ = {
			isa = PBXGroup;
			children = (
				FA6336DF29CA0928006EE27A /* Settings */,
				FA69097729C8B0D500F59C3C /* EpisodeDetail */,
				FA66980129B27E9C00B90C71 /* RMCharacterListViewViewModel.swift */,
				FA66980929B2C5A500B90C71 /* RMCharacterCollectionViewCellViewModel.swift */,
				FA99463429B808A0006C44C9 /* CharacterDetail */,
				FA80BF7F29C0115C00779AFD /* RMEpisodeListViewViewModel.swift */,
			);
			path = ViewModels;
			sourceTree = "<group>";
		};
		FA3E435829B0F47B00535A89 /* Managers */ = {
			isa = PBXGroup;
			children = (
				FA9D23A829B6A99000AF4484 /* RMImageLoader.swift */,
				FA80BF6329BFFC1600779AFD /* RMAPICacheManager.swift */,
			);
			path = Managers;
			sourceTree = "<group>";
		};
		FA3E435929B0F47B00535A89 /* Models */ = {
			isa = PBXGroup;
			children = (
				FA6697FE29B262A600B90C71 /* APIResponseTypes */,
				FA6697EE29B2623300B90C71 /* DataTypesGroup */,
			);
			path = Models;
			sourceTree = "<group>";
		};
		FA6336DF29CA0928006EE27A /* Settings */ = {
			isa = PBXGroup;
			children = (
				FA6336E029CA094C006EE27A /* RMSettingsViewViewModel.swift */,
				FA6336E229CA09DC006EE27A /* RMSettingsCellViewModel.swift */,
				FA6336E429CA0A9F006EE27A /* RMSettingsOption.swift */,
			);
			path = Settings;
			sourceTree = "<group>";
		};
		FA6697EC29B261D400B90C71 /* Views */ = {
			isa = PBXGroup;
			children = (
				FA69097429C8B04700F59C3C /* EpisodeDetails */,
				FA80BF6E29C00B5D00779AFD /* CharacterDetails */,
				FA9D23A629B62FDC00AF4484 /* RMFooterLoadingCollectionReusableView.swift */,
				FA66980329B27F3F00B90C71 /* RMCharacterListView.swift */,
				FA66980729B2C31F00B90C71 /* RMCharacterCollectionViewCell.swift */,
				FA80BF6D29C00AA100779AFD /* Episode */,
			);
			path = Views;
			sourceTree = "<group>";
		};
		FA6697EE29B2623300B90C71 /* DataTypesGroup */ = {
			isa = PBXGroup;
			children = (
				FA6697EF29B2623300B90C71 /* RMOrigin.swift */,
				FA6697F029B2623300B90C71 /* RMCharacter.swift */,
				FA6697F129B2623300B90C71 /* RMCharacterStatus.swift */,
				FA6697F229B2623300B90C71 /* RMLocation.swift */,
				FA6697F329B2623300B90C71 /* RMEpisode.swift */,
				FA6697F429B2623300B90C71 /* RMCharacterGender.swift */,
				FA6697F529B2623300B90C71 /* RMSingleLocation.swift */,
			);
			path = DataTypesGroup;
			sourceTree = "<group>";
		};
		FA6697FE29B262A600B90C71 /* APIResponseTypes */ = {
			isa = PBXGroup;
			children = (
				FA6697FF29B262D700B90C71 /* RMGetAllCharacterResponse.swift */,
				FA80BF8129C014BF00779AFD /* RMGetAllEpisodesResponse.swift */,
			);
			path = APIResponseTypes;
			sourceTree = "<group>";
		};
		FA69097429C8B04700F59C3C /* EpisodeDetails */ = {
			isa = PBXGroup;
			children = (
				FA80BF7B29C00C0E00779AFD /* RMEpisodeDetailView.swift */,
				FA69097529C8B0AC00F59C3C /* RMEpisodeInfoCollectionViewCell.swift */,
			);
			path = EpisodeDetails;
			sourceTree = "<group>";
		};
		FA69097729C8B0D500F59C3C /* EpisodeDetail */ = {
			isa = PBXGroup;
			children = (
				FA80BF6529C0042300779AFD /* RMEpisodeDetailViewViewModel.swift */,
				FA69097A29C8B20400F59C3C /* RMEpisodeInfoCollectionViewCellViewModel.swift */,
			);
			path = EpisodeDetail;
			sourceTree = "<group>";
		};
		FA80BF6D29C00AA100779AFD /* Episode */ = {
			isa = PBXGroup;
			children = (
				FA80BF7D29C00CDE00779AFD /* RMEpisodeListView.swift */,
			);
			path = Episode;
			sourceTree = "<group>";
		};
		FA80BF6E29C00B5D00779AFD /* CharacterDetails */ = {
			isa = PBXGroup;
			children = (
				FA80BF7929C00BCD00779AFD /* RMCharacterDetailView.swift */,
				FA80BF6F29C00B5D00779AFD /* RMCharacterPhotoCollectionViewCell.swift */,
				FA80BF7129C00B5D00779AFD /* RMCharacterInfoCollectionViewCell.swift */,
				FA80BF7229C00B5D00779AFD /* RMCharacterEpisodeCollectionViewCell.swift */,
			);
			name = CharacterDetails;
			path = Episode/CharacterDetails;
			sourceTree = "<group>";
		};
		FA99463429B808A0006C44C9 /* CharacterDetail */ = {
			isa = PBXGroup;
			children = (
				FA99463529B80903006C44C9 /* RMCharacterDetailViewViewModel.swift */,
				FA99463729B80970006C44C9 /* RMCharacterPhotoCollectionViewCellViewModel.swift */,
				FA99463929B809D7006C44C9 /* RMCharacterInfoCollectionViewCellViewModel.swift */,
				FA99463B29B809FD006C44C9 /* RMCharacterEpisodeCollectionViewCellViewModel.swift */,
			);
			path = CharacterDetail;
			sourceTree = "<group>";
		};
		FA9D239F29B6162800AF4484 /* Other */ = {
			isa = PBXGroup;
			children = (
				FA9D23A029B6167700AF4484 /* RMCharacterDetailViewController.swift */,
				FA86377A29BACA96009A1007 /* RMEpisodeDetailViewController.swift */,
				FA779A7429C22ADC0071AA6B /* RMSearchViewController.swift */,
			);
			path = Other;
			sourceTree = "<group>";
		};
/* End PBXGroup section */

/* Begin PBXNativeTarget section */
		FA3E432829B0F3A800535A89 /* RickAndMorty */ = {
			isa = PBXNativeTarget;
			buildConfigurationList = FA3E433D29B0F3A900535A89 /* Build configuration list for PBXNativeTarget "RickAndMorty" */;
			buildPhases = (
				FA3E432529B0F3A800535A89 /* Sources */,
				FA3E432629B0F3A800535A89 /* Frameworks */,
				FA3E432729B0F3A800535A89 /* Resources */,
			);
			buildRules = (
			);
			dependencies = (
			);
			name = RickAndMorty;
			productName = RickAndMorty;
			productReference = FA3E432929B0F3A800535A89 /* RickAndMorty.app */;
			productType = "com.apple.product-type.application";
		};
/* End PBXNativeTarget section */

/* Begin PBXProject section */
		FA3E432129B0F3A800535A89 /* Project object */ = {
			isa = PBXProject;
			attributes = {
				BuildIndependentTargetsInParallel = 1;
				LastSwiftUpdateCheck = 1420;
				LastUpgradeCheck = 1420;
				TargetAttributes = {
					FA3E432829B0F3A800535A89 = {
						CreatedOnToolsVersion = 14.2;
					};
				};
			};
			buildConfigurationList = FA3E432429B0F3A800535A89 /* Build configuration list for PBXProject "RickAndMorty" */;
			compatibilityVersion = "Xcode 14.0";
			developmentRegion = en;
			hasScannedForEncodings = 0;
			knownRegions = (
				en,
				Base,
			);
			mainGroup = FA3E432029B0F3A800535A89;
			productRefGroup = FA3E432A29B0F3A800535A89 /* Products */;
			projectDirPath = "";
			projectRoot = "";
			targets = (
				FA3E432829B0F3A800535A89 /* RickAndMorty */,
			);
		};
/* End PBXProject section */

/* Begin PBXResourcesBuildPhase section */
		FA3E432729B0F3A800535A89 /* Resources */ = {
			isa = PBXResourcesBuildPhase;
			buildActionMask = 2147483647;
			files = (
				FA3E435429B0F44E00535A89 /* LaunchScreen.storyboard in Resources */,
				FA3E435329B0F44E00535A89 /* Assets.xcassets in Resources */,
			);
			runOnlyForDeploymentPostprocessing = 0;
		};
/* End PBXResourcesBuildPhase section */

/* Begin PBXSourcesBuildPhase section */
		FA3E432529B0F3A800535A89 /* Sources */ = {
			isa = PBXSourcesBuildPhase;
			buildActionMask = 2147483647;
			files = (
				FA3E434C29B0F43F00535A89 /* RMLocationViewController.swift in Sources */,
				FA80BF7C29C00C0E00779AFD /* RMEpisodeDetailView.swift in Sources */,
				FA3E434929B0F43F00535A89 /* RMCharacterViewController.swift in Sources */,
				FA779A7529C22ADC0071AA6B /* RMSearchViewController.swift in Sources */,
				FA66980429B27F3F00B90C71 /* RMCharacterListView.swift in Sources */,
				FA3E434829B0F43F00535A89 /* RMSettingsViewController.swift in Sources */,
				FA80BF7A29C00BCD00779AFD /* RMCharacterDetailView.swift in Sources */,
				FA6697FB29B2623300B90C71 /* RMCharacterGender.swift in Sources */,
				FA6697FA29B2623300B90C71 /* RMEpisode.swift in Sources */,
				FA9D23A129B6167700AF4484 /* RMCharacterDetailViewController.swift in Sources */,
				FA80BF7E29C00CDE00779AFD /* RMEpisodeListView.swift in Sources */,
				FA80BF7629C00B5D00779AFD /* RMCharacterEpisodeCollectionViewCell.swift in Sources */,
				FA9D23A729B62FDC00AF4484 /* RMFooterLoadingCollectionReusableView.swift in Sources */,
				FA6697F929B2623300B90C71 /* RMLocation.swift in Sources */,
				FA6336E129CA094C006EE27A /* RMSettingsViewViewModel.swift in Sources */,
				FA6697F829B2623300B90C71 /* RMCharacterStatus.swift in Sources */,
				FA3E435529B0F44E00535A89 /* AppDelegate.swift in Sources */,
				FA66980829B2C31F00B90C71 /* RMCharacterCollectionViewCell.swift in Sources */,
				FA6336E529CA0A9F006EE27A /* RMSettingsOption.swift in Sources */,
				FA3E436229B0FA3600535A89 /* RMService.swift in Sources */,
				FA99463A29B809D7006C44C9 /* RMCharacterInfoCollectionViewCellViewModel.swift in Sources */,
				FA9D23A929B6A99000AF4484 /* RMImageLoader.swift in Sources */,
				FA3E435629B0F44E00535A89 /* SceneDelegate.swift in Sources */,
				FA6697F729B2623300B90C71 /* RMCharacter.swift in Sources */,
				FA80BF7329C00B5D00779AFD /* RMCharacterPhotoCollectionViewCell.swift in Sources */,
				FA6336E329CA09DC006EE27A /* RMSettingsCellViewModel.swift in Sources */,
				FA3E436629B0FAFC00535A89 /* RMEndpoint.swift in Sources */,
				FA99463C29B809FD006C44C9 /* RMCharacterEpisodeCollectionViewCellViewModel.swift in Sources */,
				FA66980629B284F800B90C71 /* Extensions.swift in Sources */,
				FA99463629B80903006C44C9 /* RMCharacterDetailViewViewModel.swift in Sources */,
				FA99463829B80970006C44C9 /* RMCharacterPhotoCollectionViewCellViewModel.swift in Sources */,
				FA6697FC29B2623300B90C71 /* RMSingleLocation.swift in Sources */,
				FA3E434A29B0F43F00535A89 /* RMEpisodeViewController.swift in Sources */,
				FA86377B29BACA96009A1007 /* RMEpisodeDetailViewController.swift in Sources */,
				FA3E436429B0FA4500535A89 /* RMRequest.swift in Sources */,
				FA6697F629B2623300B90C71 /* RMOrigin.swift in Sources */,
				FA66980A29B2C5A500B90C71 /* RMCharacterCollectionViewCellViewModel.swift in Sources */,
				FA66980029B262D700B90C71 /* RMGetAllCharacterResponse.swift in Sources */,
				FA66980229B27E9C00B90C71 /* RMCharacterListViewViewModel.swift in Sources */,
				FA80BF7529C00B5D00779AFD /* RMCharacterInfoCollectionViewCell.swift in Sources */,
				FA80BF8029C0115C00779AFD /* RMEpisodeListViewViewModel.swift in Sources */,
				FA80BF6429BFFC1600779AFD /* RMAPICacheManager.swift in Sources */,
				FA80BF8229C014BF00779AFD /* RMGetAllEpisodesResponse.swift in Sources */,
				FA69097B29C8B20400F59C3C /* RMEpisodeInfoCollectionViewCellViewModel.swift in Sources */,
				FA69097629C8B0AC00F59C3C /* RMEpisodeInfoCollectionViewCell.swift in Sources */,
				FA80BF6629C0042300779AFD /* RMEpisodeDetailViewViewModel.swift in Sources */,
				FA3E434B29B0F43F00535A89 /* RMTabViewController.swiftRMViewController.swift in Sources */,
			);
			runOnlyForDeploymentPostprocessing = 0;
		};
/* End PBXSourcesBuildPhase section */

/* Begin PBXVariantGroup section */
		FA3E434F29B0F44D00535A89 /* LaunchScreen.storyboard */ = {
			isa = PBXVariantGroup;
			children = (
				FA3E435029B0F44D00535A89 /* Base */,
			);
			name = LaunchScreen.storyboard;
			sourceTree = "<group>";
		};
/* End PBXVariantGroup section */

/* Begin XCBuildConfiguration section */
		FA3E433B29B0F3A900535A89 /* Debug */ = {
			isa = XCBuildConfiguration;
			buildSettings = {
				ALWAYS_SEARCH_USER_PATHS = NO;
				CLANG_ANALYZER_NONNULL = YES;
				CLANG_ANALYZER_NUMBER_OBJECT_CONVERSION = YES_AGGRESSIVE;
				CLANG_CXX_LANGUAGE_STANDARD = "gnu++20";
				CLANG_ENABLE_MODULES = YES;
				CLANG_ENABLE_OBJC_ARC = YES;
				CLANG_ENABLE_OBJC_WEAK = YES;
				CLANG_WARN_BLOCK_CAPTURE_AUTORELEASING = YES;
				CLANG_WARN_BOOL_CONVERSION = YES;
				CLANG_WARN_COMMA = YES;
				CLANG_WARN_CONSTANT_CONVERSION = YES;
				CLANG_WARN_DEPRECATED_OBJC_IMPLEMENTATIONS = YES;
				CLANG_WARN_DIRECT_OBJC_ISA_USAGE = YES_ERROR;
				CLANG_WARN_DOCUMENTATION_COMMENTS = YES;
				CLANG_WARN_EMPTY_BODY = YES;
				CLANG_WARN_ENUM_CONVERSION = YES;
				CLANG_WARN_INFINITE_RECURSION = YES;
				CLANG_WARN_INT_CONVERSION = YES;
				CLANG_WARN_NON_LITERAL_NULL_CONVERSION = YES;
				CLANG_WARN_OBJC_IMPLICIT_RETAIN_SELF = YES;
				CLANG_WARN_OBJC_LITERAL_CONVERSION = YES;
				CLANG_WARN_OBJC_ROOT_CLASS = YES_ERROR;
				CLANG_WARN_QUOTED_INCLUDE_IN_FRAMEWORK_HEADER = YES;
				CLANG_WARN_RANGE_LOOP_ANALYSIS = YES;
				CLANG_WARN_STRICT_PROTOTYPES = YES;
				CLANG_WARN_SUSPICIOUS_MOVE = YES;
				CLANG_WARN_UNGUARDED_AVAILABILITY = YES_AGGRESSIVE;
				CLANG_WARN_UNREACHABLE_CODE = YES;
				CLANG_WARN__DUPLICATE_METHOD_MATCH = YES;
				COPY_PHASE_STRIP = NO;
				DEBUG_INFORMATION_FORMAT = dwarf;
				ENABLE_STRICT_OBJC_MSGSEND = YES;
				ENABLE_TESTABILITY = YES;
				GCC_C_LANGUAGE_STANDARD = gnu11;
				GCC_DYNAMIC_NO_PIC = NO;
				GCC_NO_COMMON_BLOCKS = YES;
				GCC_OPTIMIZATION_LEVEL = 0;
				GCC_PREPROCESSOR_DEFINITIONS = (
					"DEBUG=1",
					"$(inherited)",
				);
				GCC_WARN_64_TO_32_BIT_CONVERSION = YES;
				GCC_WARN_ABOUT_RETURN_TYPE = YES_ERROR;
				GCC_WARN_UNDECLARED_SELECTOR = YES;
				GCC_WARN_UNINITIALIZED_AUTOS = YES_AGGRESSIVE;
				GCC_WARN_UNUSED_FUNCTION = YES;
				GCC_WARN_UNUSED_VARIABLE = YES;
				IPHONEOS_DEPLOYMENT_TARGET = 16.2;
				MTL_ENABLE_DEBUG_INFO = INCLUDE_SOURCE;
				MTL_FAST_MATH = YES;
				ONLY_ACTIVE_ARCH = YES;
				SDKROOT = iphoneos;
				SWIFT_ACTIVE_COMPILATION_CONDITIONS = DEBUG;
				SWIFT_OPTIMIZATION_LEVEL = "-Onone";
			};
			name = Debug;
		};
		FA3E433C29B0F3A900535A89 /* Release */ = {
			isa = XCBuildConfiguration;
			buildSettings = {
				ALWAYS_SEARCH_USER_PATHS = NO;
				CLANG_ANALYZER_NONNULL = YES;
				CLANG_ANALYZER_NUMBER_OBJECT_CONVERSION = YES_AGGRESSIVE;
				CLANG_CXX_LANGUAGE_STANDARD = "gnu++20";
				CLANG_ENABLE_MODULES = YES;
				CLANG_ENABLE_OBJC_ARC = YES;
				CLANG_ENABLE_OBJC_WEAK = YES;
				CLANG_WARN_BLOCK_CAPTURE_AUTORELEASING = YES;
				CLANG_WARN_BOOL_CONVERSION = YES;
				CLANG_WARN_COMMA = YES;
				CLANG_WARN_CONSTANT_CONVERSION = YES;
				CLANG_WARN_DEPRECATED_OBJC_IMPLEMENTATIONS = YES;
				CLANG_WARN_DIRECT_OBJC_ISA_USAGE = YES_ERROR;
				CLANG_WARN_DOCUMENTATION_COMMENTS = YES;
				CLANG_WARN_EMPTY_BODY = YES;
				CLANG_WARN_ENUM_CONVERSION = YES;
				CLANG_WARN_INFINITE_RECURSION = YES;
				CLANG_WARN_INT_CONVERSION = YES;
				CLANG_WARN_NON_LITERAL_NULL_CONVERSION = YES;
				CLANG_WARN_OBJC_IMPLICIT_RETAIN_SELF = YES;
				CLANG_WARN_OBJC_LITERAL_CONVERSION = YES;
				CLANG_WARN_OBJC_ROOT_CLASS = YES_ERROR;
				CLANG_WARN_QUOTED_INCLUDE_IN_FRAMEWORK_HEADER = YES;
				CLANG_WARN_RANGE_LOOP_ANALYSIS = YES;
				CLANG_WARN_STRICT_PROTOTYPES = YES;
				CLANG_WARN_SUSPICIOUS_MOVE = YES;
				CLANG_WARN_UNGUARDED_AVAILABILITY = YES_AGGRESSIVE;
				CLANG_WARN_UNREACHABLE_CODE = YES;
				CLANG_WARN__DUPLICATE_METHOD_MATCH = YES;
				COPY_PHASE_STRIP = NO;
				DEBUG_INFORMATION_FORMAT = "dwarf-with-dsym";
				ENABLE_NS_ASSERTIONS = NO;
				ENABLE_STRICT_OBJC_MSGSEND = YES;
				GCC_C_LANGUAGE_STANDARD = gnu11;
				GCC_NO_COMMON_BLOCKS = YES;
				GCC_WARN_64_TO_32_BIT_CONVERSION = YES;
				GCC_WARN_ABOUT_RETURN_TYPE = YES_ERROR;
				GCC_WARN_UNDECLARED_SELECTOR = YES;
				GCC_WARN_UNINITIALIZED_AUTOS = YES_AGGRESSIVE;
				GCC_WARN_UNUSED_FUNCTION = YES;
				GCC_WARN_UNUSED_VARIABLE = YES;
				IPHONEOS_DEPLOYMENT_TARGET = 16.2;
				MTL_ENABLE_DEBUG_INFO = NO;
				MTL_FAST_MATH = YES;
				SDKROOT = iphoneos;
				SWIFT_COMPILATION_MODE = wholemodule;
				SWIFT_OPTIMIZATION_LEVEL = "-O";
				VALIDATE_PRODUCT = YES;
			};
			name = Release;
		};
		FA3E433E29B0F3A900535A89 /* Debug */ = {
			isa = XCBuildConfiguration;
			buildSettings = {
				ASSETCATALOG_COMPILER_APPICON_NAME = AppIcon;
				ASSETCATALOG_COMPILER_GLOBAL_ACCENT_COLOR_NAME = AccentColor;
				CODE_SIGN_STYLE = Automatic;
				CURRENT_PROJECT_VERSION = 1;
				GENERATE_INFOPLIST_FILE = YES;
				INFOPLIST_FILE = RickAndMorty/Info.plist;
				INFOPLIST_KEY_UIApplicationSupportsIndirectInputEvents = YES;
				INFOPLIST_KEY_UILaunchStoryboardName = LaunchScreen;
				INFOPLIST_KEY_UISupportedInterfaceOrientations_iPad = "UIInterfaceOrientationPortrait UIInterfaceOrientationPortraitUpsideDown UIInterfaceOrientationLandscapeLeft UIInterfaceOrientationLandscapeRight";
				INFOPLIST_KEY_UISupportedInterfaceOrientations_iPhone = "UIInterfaceOrientationPortrait UIInterfaceOrientationLandscapeLeft UIInterfaceOrientationLandscapeRight";
				LD_RUNPATH_SEARCH_PATHS = (
					"$(inherited)",
					"@executable_path/Frameworks",
				);
				MARKETING_VERSION = 1.0;
				PRODUCT_BUNDLE_IDENTIFIER = Lorenti.RickAndMorty;
				PRODUCT_NAME = "$(TARGET_NAME)";
				SWIFT_EMIT_LOC_STRINGS = YES;
				SWIFT_VERSION = 5.0;
				TARGETED_DEVICE_FAMILY = "1,2";
			};
			name = Debug;
		};
		FA3E433F29B0F3A900535A89 /* Release */ = {
			isa = XCBuildConfiguration;
			buildSettings = {
				ASSETCATALOG_COMPILER_APPICON_NAME = AppIcon;
				ASSETCATALOG_COMPILER_GLOBAL_ACCENT_COLOR_NAME = AccentColor;
				CODE_SIGN_STYLE = Automatic;
				CURRENT_PROJECT_VERSION = 1;
				GENERATE_INFOPLIST_FILE = YES;
				INFOPLIST_FILE = RickAndMorty/Info.plist;
				INFOPLIST_KEY_UIApplicationSupportsIndirectInputEvents = YES;
				INFOPLIST_KEY_UILaunchStoryboardName = LaunchScreen;
				INFOPLIST_KEY_UISupportedInterfaceOrientations_iPad = "UIInterfaceOrientationPortrait UIInterfaceOrientationPortraitUpsideDown UIInterfaceOrientationLandscapeLeft UIInterfaceOrientationLandscapeRight";
				INFOPLIST_KEY_UISupportedInterfaceOrientations_iPhone = "UIInterfaceOrientationPortrait UIInterfaceOrientationLandscapeLeft UIInterfaceOrientationLandscapeRight";
				LD_RUNPATH_SEARCH_PATHS = (
					"$(inherited)",
					"@executable_path/Frameworks",
				);
				MARKETING_VERSION = 1.0;
				PRODUCT_BUNDLE_IDENTIFIER = Lorenti.RickAndMorty;
				PRODUCT_NAME = "$(TARGET_NAME)";
				SWIFT_EMIT_LOC_STRINGS = YES;
				SWIFT_VERSION = 5.0;
				TARGETED_DEVICE_FAMILY = "1,2";
			};
			name = Release;
		};
/* End XCBuildConfiguration section */

/* Begin XCConfigurationList section */
		FA3E432429B0F3A800535A89 /* Build configuration list for PBXProject "RickAndMorty" */ = {
			isa = XCConfigurationList;
			buildConfigurations = (
				FA3E433B29B0F3A900535A89 /* Debug */,
				FA3E433C29B0F3A900535A89 /* Release */,
			);
			defaultConfigurationIsVisible = 0;
			defaultConfigurationName = Release;
		};
		FA3E433D29B0F3A900535A89 /* Build configuration list for PBXNativeTarget "RickAndMorty" */ = {
			isa = XCConfigurationList;
			buildConfigurations = (
				FA3E433E29B0F3A900535A89 /* Debug */,
				FA3E433F29B0F3A900535A89 /* Release */,
			);
			defaultConfigurationIsVisible = 0;
			defaultConfigurationName = Release;
		};
/* End XCConfigurationList section */
	};
	rootObject = FA3E432129B0F3A800535A89 /* Project object */;
}
